# THIS IS AN AUTOGENERATED FILE. DO NOT EDIT THIS FILE DIRECTLY.
# yarn lockfile v1


"@ecies/ciphers@^0.2.6":
  version "0.2.6"
  resolved "https://registry.yarnpkg.com/@ecies/ciphers/-/ciphers-0.2.6.tgz#e7cdc4688de3c224e03d479e3227bcece44cbeab"
  integrity sha512-patgsRPKGkhhoBjETV4XxD0En4ui5fbX0hzayqI3M8tvNMGUoUvmyYAIWwlxBc1KX5cturfqByYdj5bYGRpN9g==

"@noble/ciphers@^1.3.0":
  version "1.3.0"
  resolved "https://registry.yarnpkg.com/@noble/ciphers/-/ciphers-1.3.0.tgz#f64b8ff886c240e644e5573c097f86e5b43676dc"
  integrity sha512-2I0gnIVPtfnMw9ee9h1dJG7tp81+8Ob3OJb3Mv37rx5L40/b0i7djjCVvGOVqc9AEIQyvyu1i6ypKdFw8R8gQw==

"@noble/curves@^1.9.7":
  version "1.9.7"
  resolved "https://registry.yarnpkg.com/@noble/curves/-/curves-1.9.7.tgz#79d04b4758a43e4bca2cbdc62e7771352fa6b951"
  integrity sha512-gbKGcRUYIjA3/zCCNaWDciTMFI0dCkvou3TL8Zmy5Nc7sJ47a0jtOeZoTaMxkuqRo9cRhjOdZJXegxYE5FN/xw==
  dependencies:
    "@noble/hashes" "1.8.0"

"@noble/hashes@1.8.0", "@noble/hashes@^1.8.0":
  version "1.8.0"
  resolved "https://registry.yarnpkg.com/@noble/hashes/-/hashes-1.8.0.tgz#cee43d801fcef9644b11b8194857695acd5f815a"
  integrity sha512-jCs9ldd7NwzpgXDIf6P3+NrHh9/sD6CQdxHyjQI+h/6rDNo88ypBxxz45UDuZHz9r3tNz7N/VInSVoVdtXEI4A==

"@supabase/cli-darwin-arm64@2.109.0":
  version "2.109.0"
  resolved "https://registry.yarnpkg.com/@supabase/cli-darwin-arm64/-/cli-darwin-arm64-2.109.0.tgz#c536be94becf882581c83ab9708fb3e78af68004"
  integrity sha512-NPDZ8JK6eu205l1wJgVrV5rhIKW4kecrtrdkPpbWjZ7B9AC/VU0hCPWFaiU1CKbjW6NvUM223YIDWx+OH4JWhg==

"@supabase/cli-darwin-x64@2.109.0":
  version "2.109.0"
  resolved "https://registry.yarnpkg.com/@supabase/cli-darwin-x64/-/cli-darwin-x64-2.109.0.tgz#c1692b68f66ffc20754f27250e535169475d63bf"
  integrity sha512-lpGHp1PFDU+CPd4fOFwrIi2urGzl+OI3W8/RIpFiyQjgOcmHvPyYoIacrmzKeGPesj6MfKFZKcPVzPuYoFoF5g==

"@supabase/cli-linux-arm64-musl@2.109.0":
  version "2.109.0"
  resolved "https://registry.yarnpkg.com/@supabase/cli-linux-arm64-musl/-/cli-linux-arm64-musl-2.109.0.tgz#4a8ee671dff0002e5a50f8b24ea61fbb004f75e6"
  integrity sha512-IgMEzQ17O65A/gymdvTG7bBWAf7jlGm7uUxETkS0z5JjuwSOi1k/H4AQNPWyM99lm4tUAroGlKTcXe/W/Hl0WA==

"@supabase/cli-linux-arm64@2.109.0":
  version "2.109.0"
  resolved "https://registry.yarnpkg.com/@supabase/cli-linux-arm64/-/cli-linux-arm64-2.109.0.tgz#80a24422db610447f8f0d633300d63b9e4ab65fb"
  integrity sha512-XJgYqsuDrGM1q/VKN1hmi7/0Pi8Dw3psD8XuKnqm/aYWKU+W26Cl5GtDZXUDRTVzRO8+syIje3Xxg6GTx85nzw==

"@supabase/cli-linux-x64-musl@2.109.0":
  version "2.109.0"
  resolved "https://registry.yarnpkg.com/@supabase/cli-linux-x64-musl/-/cli-linux-x64-musl-2.109.0.tgz#6f0f89dc65f00e64557a008c40b55aabf12f1b76"
  integrity sha512-K7aqZlVwxSkUAQjimBU4dy6vQvFiOH6a1Lh3xGqT5f20R6GzBi+tX6Zd+pkouNKre2F2cijfv/LZTF0Q7BbHDA==

"@supabase/cli-linux-x64@2.109.0":
  version "2.109.0"
  resolved "https://registry.yarnpkg.com/@supabase/cli-linux-x64/-/cli-linux-x64-2.109.0.tgz#a980b0d4766b6e62ad4830fec4eca6c0751b7170"
  integrity sha512-newPlk/lDzbsnJVineYZ/qmrU0e8SU66WCZu6ti8CGKhsWBQJHauSM0W8V4E3csyIsaxZ8PXfPkUzKcWqO66jg==

"@supabase/cli-windows-arm64@2.109.0":
  version "2.109.0"
  resolved "https://registry.yarnpkg.com/@supabase/cli-windows-arm64/-/cli-windows-arm64-2.109.0.tgz#e3553c27db838f7421b1c9da197fceef2f406859"
  integrity sha512-0ddCgWRGNl7mWTahqK4xc4GelvG+BSPOsB0R19edL7NFnuvEP4U5SK4C4+IRYAgFxLupnbyCLkztGC4EJOHD5g==

"@supabase/cli-windows-x64@2.109.0":
  version "2.109.0"
  resolved "https://registry.yarnpkg.com/@supabase/cli-windows-x64/-/cli-windows-x64-2.109.0.tgz#70c3fa302f51e175b74585e3b262cd94b2aa613f"
  integrity sha512-XEzFSZUfjsQaRL21ieXYP2layohPs/4PsHAF5J0Vst2TiRoN/kDjOmAtBgoUgCeD6M5G9vb8ZH9Y4VvSPpqcIA==

eciesjs@^0.5.0:
  version "0.5.0"
  resolved "https://registry.yarnpkg.com/eciesjs/-/eciesjs-0.5.0.tgz#01191700634ec0fdc0925053df3bc7e0359361c1"
  integrity sha512-s0J9SEVYAEPg7J63GFMApLYzPH9VNIQIyC6s15JpnqVc0TqcKWdbgFlnAweEBRyMmko2dcs2sfC83Hj4J43tuA==
  dependencies:
    "@ecies/ciphers" "^0.2.6"
    "@noble/ciphers" "^1.3.0"
    "@noble/curves" "^1.9.7"
    "@noble/hashes" "^1.8.0"

jose@^6.2.3:
  version "6.2.3"
  resolved "https://registry.yarnpkg.com/jose/-/jose-6.2.3.tgz#0975197ad973251221c658a3cddc4b951a250c2d"
  integrity sha512-YYVDInQKFJfR/xa3ojUTl8c2KoTwiL1R5Wg9YCydwH0x0B9grbzlg5HC7mMjCtUJjbQ/YnGEZIhI5tCgfTb4Hw==

supabase@^2.109.0:
  version "2.109.0"
  resolved "https://registry.yarnpkg.com/supabase/-/supabase-2.109.0.tgz#596f971920b279a854685219ff7ff7303d7632a1"
  integrity sha512-ECT61HUnVMXCAX/1O4Dmj0ifUPCM4AonSYcd/degMGbJdAmgwdquht43cKDp9k1cE15uJKfILjZEQTOSw7Np/w==
  dependencies:
    eciesjs "^0.5.0"
    jose "^6.2.3"
  optionalDependencies:
    "@supabase/cli-darwin-arm64" "2.109.0"
    "@supabase/cli-darwin-x64" "2.109.0"
    "@supabase/cli-linux-arm64" "2.109.0"
    "@supabase/cli-linux-arm64-musl" "2.109.0"
    "@supabase/cli-linux-x64" "2.109.0"
    "@supabase/cli-linux-x64-musl" "2.109.0"
    "@supabase/cli-windows-arm64" "2.109.0"
    "@supabase/cli-windows-x64" "2.109.0"
